
Microsoft Visual Studio Solution File, Format Version 12.00
# Visual Studio Version 16
VisualStudioVersion = 16.0.29519.87
MinimumVisualStudioVersion = 10.0.40219.1
Project("{FAE04EC0-301F-11D3-BF4B-00C04F79EFBC}") = "Presentation", "Src\Presentation\Presentation.csproj", "{DFF842DE-A45C-4E8E-9836-813E34A2F67B}"
EndProject
Project("{2150E333-8FDC-42A3-9474-1A3956D46DE8}") = "Src", "Src", "{87FFD21E-0F4C-4D13-9753-D482D9C0EDB5}"
EndProject
Project("{2150E333-8FDC-42A3-9474-1A3956D46DE8}") = "Tests", "Tests", "{C6A6B5FE-74E8-4FE6-B84E-3E622EC03906}"
EndProject
Project("{FAE04EC0-301F-11D3-BF4B-00C04F79EFBC}") = "Week2", "Src\Week2\Week2.csproj", "{983749AC-4F63-4D87-B3F8-863D95B47A72}"
EndProject
Project("{FAE04EC0-301F-11D3-BF4B-00C04F79EFBC}") = "Week3", "Src\Week3\Week3.csproj", "{46F5734E-A018-459C-90C5-35633FAE07BF}"
EndProject
Project("{FAE04EC0-301F-11D3-BF4B-00C04F79EFBC}") = "Week4", "Src\Week4\Week4.csproj", "{C8797B73-2F68-4B63-943F-5A38F013A636}"
EndProject
Project("{FAE04EC0-301F-11D3-BF4B-00C04F79EFBC}") = "Week1.Tests", "Tests\Week1.Tests\Week1.Tests.csproj", "{61F9E180-F354-42F1-A5F3-571A2CFBAC86}"
EndProject
Project("{FAE04EC0-301F-11D3-BF4B-00C04F79EFBC}") = "Week2.Test", "Tests\Week2.Test\Week2.Test.csproj", "{4489E6F8-6B83-4CC7-A069-6006288D13BF}"
EndProject
Project("{FAE04EC0-301F-11D3-BF4B-00C04F79EFBC}") = "Week3.Tests", "Tests\Week3.Tests\Week3.Tests.csproj", "{EEB27638-1190-4561-BF45-64D6653CECC1}"
EndProject
Project("{FAE04EC0-301F-11D3-BF4B-00C04F79EFBC}") = "Week4.Tests", "Tests\Week4.Tests\Week4.Tests.csproj", "{20C95A56-44F9-4A26-B052-158D51AB6A2D}"
EndProject
Project("{9A19103F-16F7-4668-BE54-9A1E7A4F7556}") = "Week1", "Src\Week1\Week1.csproj", "{616B33D0-DB7B-4F7D-AB89-63ABF2E26B2F}"
EndProject
Global
	GlobalSection(SolutionConfigurationPlatforms) = preSolution
		Debug|Any CPU = Debug|Any CPU
		Release|Any CPU = Release|Any CPU
	EndGlobalSection
	GlobalSection(ProjectConfigurationPlatforms) = postSolution
		{DFF842DE-A45C-4E8E-9836-813E34A2F67B}.Debug|Any CPU.ActiveCfg = Debug|Any CPU
		{DFF842DE-A45C-4E8E-9836-813E34A2F67B}.Debug|Any CPU.Build.0 = Debug|Any CPU
		{DFF842DE-A45C-4E8E-9836-813E34A2F67B}.Release|Any CPU.ActiveCfg = Release|Any CPU
		{DFF842DE-A45C-4E8E-9836-813E34A2F67B}.Release|Any CPU.Build.0 = Release|Any CPU
		{983749AC-4F63-4D87-B3F8-863D95B47A72}.Debug|Any CPU.ActiveCfg = Debug|Any CPU
		{983749AC-4F63-4D87-B3F8-863D95B47A72}.Debug|Any CPU.Build.0 = Debug|Any CPU
		{983749AC-4F63-4D87-B3F8-863D95B47A72}.Release|Any CPU.ActiveCfg = Release|Any CPU
		{983749AC-4F63-4D87-B3F8-863D95B47A72}.Release|Any CPU.Build.0 = Release|Any CPU
		{46F5734E-A018-459C-90C5-35633FAE07BF}.Debug|Any CPU.ActiveCfg = Debug|Any CPU
		{46F5734E-A018-459C-90C5-35633FAE07BF}.Debug|Any CPU.Build.0 = Debug|Any CPU
		{46F5734E-A018-459C-90C5-35633FAE07BF}.Release|Any CPU.ActiveCfg = Release|Any CPU
		{46F5734E-A018-459C-90C5-35633FAE07BF}.Release|Any CPU.Build.0 = Release|Any CPU
		{C8797B73-2F68-4B63-943F-5A38F013A636}.Debug|Any CPU.ActiveCfg = Debug|Any CPU
		{C8797B73-2F68-4B63-943F-5A38F013A636}.Debug|Any CPU.Build.0 = Debug|Any CPU
		{C8797B73-2F68-4B63-943F-5A38F013A636}.Release|Any CPU.ActiveCfg = Release|Any CPU
		{C8797B73-2F68-4B63-943F-5A38F013A636}.Release|Any CPU.Build.0 = Release|Any CPU
		{61F9E180-F354-42F1-A5F3-571A2CFBAC86}.Debug|Any CPU.ActiveCfg = Debug|Any CPU
		{61F9E180-F354-42F1-A5F3-571A2CFBAC86}.Debug|Any CPU.Build.0 = Debug|Any CPU
		{61F9E180-F354-42F1-A5F3-571A2CFBAC86}.Release|Any CPU.ActiveCfg = Release|Any CPU
		{61F9E180-F354-42F1-A5F3-571A2CFBAC86}.Release|Any CPU.Build.0 = Release|Any CPU
		{4489E6F8-6B83-4CC7-A069-6006288D13BF}.Debug|Any CPU.ActiveCfg = Debug|Any CPU
		{4489E6F8-6B83-4CC7-A069-6006288D13BF}.Debug|Any CPU.Build.0 = Debug|Any CPU
		{4489E6F8-6B83-4CC7-A069-6006288D13BF}.Release|Any CPU.ActiveCfg = Release|Any CPU
		{4489E6F8-6B83-4CC7-A069-6006288D13BF}.Release|Any CPU.Build.0 = Release|Any CPU
		{EEB27638-1190-4561-BF45-64D6653CECC1}.Debug|Any CPU.ActiveCfg = Debug|Any CPU
		{EEB27638-1190-4561-BF45-64D6653CECC1}.Debug|Any CPU.Build.0 = Debug|Any CPU
		{EEB27638-1190-4561-BF45-64D6653CECC1}.Release|Any CPU.ActiveCfg = Release|Any CPU
		{EEB27638-1190-4561-BF45-64D6653CECC1}.Release|Any CPU.Build.0 = Release|Any CPU
		{20C95A56-44F9-4A26-B052-158D51AB6A2D}.Debug|Any CPU.ActiveCfg = Debug|Any CPU
		{20C95A56-44F9-4A26-B052-158D51AB6A2D}.Debug|Any CPU.Build.0 = Debug|Any CPU
		{20C95A56-44F9-4A26-B052-158D51AB6A2D}.Release|Any CPU.ActiveCfg = Release|Any CPU
		{20C95A56-44F9-4A26-B052-158D51AB6A2D}.Release|Any CPU.Build.0 = Release|Any CPU
		{616B33D0-DB7B-4F7D-AB89-63ABF2E26B2F}.Debug|Any CPU.ActiveCfg = Debug|Any CPU
		{616B33D0-DB7B-4F7D-AB89-63ABF2E26B2F}.Debug|Any CPU.Build.0 = Debug|Any CPU
		{616B33D0-DB7B-4F7D-AB89-63ABF2E26B2F}.Release|Any CPU.ActiveCfg = Release|Any CPU
		{616B33D0-DB7B-4F7D-AB89-63ABF2E26B2F}.Release|Any CPU.Build.0 = Release|Any CPU
	EndGlobalSection
	GlobalSection(SolutionProperties) = preSolution
		HideSolutionNode = FALSE
	EndGlobalSection
	GlobalSection(NestedProjects) = preSolution
		{DFF842DE-A45C-4E8E-9836-813E34A2F67B} = {87FFD21E-0F4C-4D13-9753-D482D9C0EDB5}
		{983749AC-4F63-4D87-B3F8-863D95B47A72} = {87FFD21E-0F4C-4D13-9753-D482D9C0EDB5}
		{46F5734E-A018-459C-90C5-35633FAE07BF} = {87FFD21E-0F4C-4D13-9753-D482D9C0EDB5}
		{C8797B73-2F68-4B63-943F-5A38F013A636} = {87FFD21E-0F4C-4D13-9753-D482D9C0EDB5}
		{61F9E180-F354-42F1-A5F3-571A2CFBAC86} = {C6A6B5FE-74E8-4FE6-B84E-3E622EC03906}
		{4489E6F8-6B83-4CC7-A069-6006288D13BF} = {C6A6B5FE-74E8-4FE6-B84E-3E622EC03906}
		{EEB27638-1190-4561-BF45-64D6653CECC1} = {C6A6B5FE-74E8-4FE6-B84E-3E622EC03906}
		{20C95A56-44F9-4A26-B052-158D51AB6A2D} = {C6A6B5FE-74E8-4FE6-B84E-3E622EC03906}
		{616B33D0-DB7B-4F7D-AB89-63ABF2E26B2F} = {87FFD21E-0F4C-4D13-9753-D482D9C0EDB5}
	EndGlobalSection
	GlobalSection(ExtensibilityGlobals) = postSolution
		SolutionGuid = {16DCA0C4-E67B-4947-9140-2E429DA5A143}
	EndGlobalSection
EndGlobal
